{
  "originHash" : "1f09bb795366ddcf99be534dbbdee87ef8bbe5cf70b1bdf4008b548daf8222c7",
  "pins" : [
    {
      "identity" : "capacitor-swift-pm",
      "kind" : "remoteSourceControl",
      "location" : "https://github.com/ionic-team/capacitor-swift-pm.git",
      "state" : {
        "revision" : "0e862e6ff13852a710c8a484180ca4d6a2cc9761",
        "version" : "8.2.0"
      }
    },
    {
      "identity" : "metalpetal",
      "kind" : "remoteSourceControl",
      "location" : "https://github.com/MetalPetal/MetalPetal.git",
      "state" : {
        "branch" : "master",
        "revision" : "f9b78897bd4214bb097f352a1bde0a4f4a1e2ddb"
      }
    }
  ],
  "version" : 3
}
